{
  "name": "reactnative",
  "version": "1.0.0",
  "lockfileVersion": 3,
  "requires": true,
  "packages": {
    "": {
      "name": "reactnative",
      "version": "1.0.0",
      "dependencies": {
        "@expo/metro-runtime": "~5.0.4",
        "@react-native-async-storage/async-storage": "^2.2.0",
        "expo": "~53.0.20",
        "expo-status-bar": "~2.2.3",
        "react": "19.0.0",
        "react-dom": "19.0.0",
        "react-native": "0.79.5",
        "react-native-web": "^0.20.0"
      },
      "devDependencies": {
        "@babel/core": "^7.25.2",
        "@types/react": "~19.0.10",
        "eslint": "^9.33.0",
        "eslint-plugin-react": "^7.37.5",
        "globals": "^16.3.0",
        "jiti": "^2.5.1",
        "typescript": "~5.8.3",
        "typescript-eslint": "^8.40.0"
      }
    },
    "node_modules/@0no-co/graphql.web": {
      "version": "1.2.0",
      "resolved": "https://registry.npmjs.org/@0no-co/graphql.web/-/graphql.web-1.2.0.tgz",
      "integrity": "sha512-/1iHy9TTr63gE1YcR5idjx8UREz1s0kFhydf3bBLCXyqjhkIc6igAzTOx3zPifCwFR87tsh/4Pa9cNts6d2otw==",
      "license": "MIT",
      "peerDependencies": {
        "graphql": "^14.0.0 || ^15.0.0 || ^16.0.0"
      },
      "peerDependenciesMeta": {
        "graphql": {
          "optional": true
        }
      }
    },
    "node_modules/@ampproject/remapping": {
      "version": "2.3.0",
      "resolved": "https://registry.npmjs.org/@ampproject/remapping/-/remapping-2.3.0.tgz",
      "integrity": "sha512-30iZtAPgz+LTIYoeivqYo853f02jBYSd5uGnGpkFV0M3xOt9aN73erkgYAmZU43x4VfqcnLxW9Kpg3R5LC4YYw==",
      "license": "Apache-2.0",
      "dependencies": {
        "@jridgewell/gen-mapping": "^0.3.5",
        "@jridgewell/trace-mapping": "^0.3.24"
      },
      "engines": {
        "node": ">=6.0.0"
      }
    },
    "node_modules/@babel/code-frame": {
      "version": "7.27.1",
      "resolved": "https://registry.npmjs.org/@babel/code-frame/-/code-frame-7.27.1.tgz",
      "integrity": "sha512-cjQ7ZlQ0Mv3b47hABuTevyTuYN4i+loJKGeV9flcCgIK37cCXRh+L1bd3iBHlynerhQ7BhCkn2BPbQUL+rGqFg==",
      "license": "MIT",
      "dependencies": {
        "@babel/helper-validator-identifier": "^7.27.1",
        "js-tokens": "^4.0.0",
        "picocolors": "^1.1.1"
      },
      "engines": {
        "node": ">=6.9.0"
      }
    },
    "node_modules/@babel/compat-data": {
      "version": "7.28.0",
      "resolved": "https://registry.npmjs.org/@babel/compat-data/-/compat-data-7.28.0.tgz",
      "integrity": "sha512-60X7qkglvrap8mn1lh2ebxXdZYtUcpd7gsmy9kLaBJ4i/WdY8PqTSdxyA8qraikqKQK5C1KRBKXqznrVapyNaw==",
      "license": "MIT",
      "engines": {
        "node": ">=6.9.0"
      }
    },
    "node_modules/@babel/core": {
      "version": "7.28.3",
      "resolved": "https://registry.npmjs.org/@babel/core/-/core-7.28.3.tgz",
      "integrity": "sha512-yDBHV9kQNcr2/sUr9jghVyz9C3Y5G2zUM2H2lo+9mKv4sFgbA8s8Z9t8D1jiTkGoO/NoIfKMyKWr4s6CN23ZwQ==",
      "license": "MIT",
      "dependencies": {
        "@ampproject/remapping": "^2.2.0",
        "@babel/code-frame": "^7.27.1",
        "@babel/generator": "^7.28.3",
        "@babel/helper-compilation-targets": "^7.27.2",
        "@babel/helper-module-transforms": "^7.28.3",
        "@babel/helpers": "^7.28.3",
        "@babel/parser": "^7.28.3",
        "@babel/template": "^7.27.2",
        "@babel/traverse": "^7.28.3",
        "@babel/types": "^7.28.2",
        "convert-source-map": "^2.0.0",
        "debug": "^4.1.0",
        "gensync": "^1.0.0-beta.2",
        "json5": "^2.2.3",
        "semver": "^6.3.1"
      },
      "engines": {
        "node": ">=6.9.0"
      },
      "funding": {
        "type": "opencollective",
        "url": "https://opencollective.com/babel"
      }
    },
    "node_modules/@react-native-async-storage/async-storage": {
      "version": "2.2.0",
      "resolved": "https://registry.npmjs.org/@react-native-async-storage/async-storage/-/async-storage-2.2.0.tgz",
      "integrity": "sha512-q7d6eW2fUY7aS2L6jAHbH2pZlHq7E1qg5kC7gqG8cZcM9p1b6a8x8mYpHjXyS3m4pYvKcX6s2zv4cYxw2o5o2g==",
      "license": "MIT",
      "peerDependencies": {
        "react-native": "^0.64.0"
      }
    }
  }
}
